
Microsoft Visual Studio Solution File, Format Version 12.00
# Visual Studio Version 16
VisualStudioVersion = 16.0.29519.87
MinimumVisualStudioVersion = 10.0.40219.1
Project("{FAE04EC0-301F-11D3-BF4B-00C04F79EFBC}") = "Aplikacija", "Aplikacija.csproj", "{3235FD66-489E-4B0A-9AFD-6B3E53BBB660}"
EndProject
Global
	GlobalSection(SolutionConfigurationPlatforms) = preSolution
		Debug|Any CPU = Debug|Any CPU
		Release|Any CPU = Release|Any CPU
	EndGlobalSection
	GlobalSection(ProjectConfigurationPlatforms) = postSolution
		{3235FD66-489E-4B0A-9AFD-6B3E53BBB660}.Debug|Any CPU.ActiveCfg = Debug|Any CPU
		{3235FD66-489E-4B0A-9AFD-6B3E53BBB660}.Debug|Any CPU.Build.0 = Debug|Any CPU
		{3235FD66-489E-4B0A-9AFD-6B3E53BBB660}.Release|Any CPU.ActiveCfg = Release|Any CPU
		{3235FD66-489E-4B0A-9AFD-6B3E53BBB660}.Release|Any CPU.Build.0 = Release|Any CPU
	EndGlobalSection
	GlobalSection(SolutionProperties) = preSolution
		HideSolutionNode = FALSE
	EndGlobalSection
	GlobalSection(ExtensibilityGlobals) = postSolution
		SolutionGuid = {307C58DC-22C2-438D-90C8-D3061C65143D}
	EndGlobalSection
EndGlobal
